// !$*UTF8*$!
{
	archiveVersion = 1;
	classes = {
	};
	objectVersion = 50;
	objects = {

/* Begin PBXBuildFile section */
		0C9743A5061F4A9E4BAA0F18 /* Pods_Tempus.framework in Frameworks */ = {isa = PBXBuildFile; fileRef = 85ABC33337136B2C74178EB9 /* Pods_Tempus.framework */; };
		1420C909226811B9003E4C0A /* AppDelegate.swift in Sources */ = {isa = PBXBuildFile; fileRef = 1420C908226811B9003E4C0A /* AppDelegate.swift */; };
		1420C90B226811B9003E4C0A /* ViewController.swift in Sources */ = {isa = PBXBuildFile; fileRef = 1420C90A226811B9003E4C0A /* ViewController.swift */; };
		1420C90E226811B9003E4C0A /* Main.storyboard in Resources */ = {isa = PBXBuildFile; fileRef = 1420C90C226811B9003E4C0A /* Main.storyboard */; };
		1420C910226811BC003E4C0A /* Assets.xcassets in Resources */ = {isa = PBXBuildFile; fileRef = 1420C90F226811BC003E4C0A /* Assets.xcassets */; };
		1420C913226811BC003E4C0A /* LaunchScreen.storyboard in Resources */ = {isa = PBXBuildFile; fileRef = 1420C911226811BC003E4C0A /* LaunchScreen.storyboard */; };
		1420C91E226811BC003E4C0A /* TempusTests.swift in Sources */ = {isa = PBXBuildFile; fileRef = 1420C91D226811BC003E4C0A /* TempusTests.swift */; };
		1420C929226811BC003E4C0A /* TempusUITests.swift in Sources */ = {isa = PBXBuildFile; fileRef = 1420C928226811BC003E4C0A /* TempusUITests.swift */; };
		1420C93722681A14003E4C0A /* Tempus.xcworkspace in Resources */ = {isa = PBXBuildFile; fileRef = 1420C93622681A14003E4C0A /* Tempus.xcworkspace */; };
		35A635BC4D8D25B50D33C879 /* Pods_TempusTests.framework in Frameworks */ = {isa = PBXBuildFile; fileRef = 6B4FC3934C075112AFEFCE83 /* Pods_TempusTests.framework */; };
		7F7CFCEDB2670868655DE330 /* Pods_TempusUITests.framework in Frameworks */ = {isa = PBXBuildFile; fileRef = 2D4FE839BA7D164BA83C3DEE /* Pods_TempusUITests.framework */; };
/* End PBXBuildFile section */

/* Begin PBXContainerItemProxy section */
		1420C91A226811BC003E4C0A /* PBXContainerItemProxy */ = {
			isa = PBXContainerItemProxy;
			containerPortal = 1420C8FD226811B8003E4C0A /* Project object */;
			proxyType = 1;
			remoteGlobalIDString = 1420C904226811B9003E4C0A;
			remoteInfo = Tempus;
		};
		1420C925226811BC003E4C0A /* PBXContainerItemProxy */ = {
			isa = PBXContainerItemProxy;
			containerPortal = 1420C8FD226811B8003E4C0A /* Project object */;
			proxyType = 1;
			remoteGlobalIDString = 1420C904226811B9003E4C0A;
			remoteInfo = Tempus;
		};
/* End PBXContainerItemProxy section */

/* Begin PBXFileReference section */
		1420C905226811B9003E4C0A /* Tempus.app */ = {isa = PBXFileReference; explicitFileType = wrapper.application; includeInIndex = 0; path = Tempus.app; sourceTree = BUILT_PRODUCTS_DIR; };
		1420C908226811B9003E4C0A /* AppDelegate.swift */ = {isa = PBXFileReference; lastKnownFileType = sourcecode.swift; path = AppDelegate.swift; sourceTree = "<group>"; };
		1420C90A226811B9003E4C0A /* ViewController.swift */ = {isa = PBXFileReference; lastKnownFileType = sourcecode.swift; path = ViewController.swift; sourceTree = "<group>"; };
		1420C90D226811B9003E4C0A /* Base */ = {isa = PBXFileReference; lastKnownFileType = file.storyboard; name = Base; path = Base.lproj/Main.storyboard; sourceTree = "<group>"; };
		1420C90F226811BC003E4C0A /* Assets.xcassets */ = {isa = PBXFileReference; lastKnownFileType = folder.assetcatalog; path = Assets.xcassets; sourceTree = "<group>"; };
		1420C912226811BC003E4C0A /* Base */ = {isa = PBXFileReference; lastKnownFileType = file.storyboard; name = Base; path = Base.lproj/LaunchScreen.storyboard; sourceTree = "<group>"; };
		1420C914226811BC003E4C0A /* Info.plist */ = {isa = PBXFileReference; lastKnownFileType = text.plist.xml; path = Info.plist; sourceTree = "<group>"; };
		1420C919226811BC003E4C0A /* TempusTests.xctest */ = {isa = PBXFileReference; explicitFileType = wrapper.cfbundle; includeInIndex = 0; path = TempusTests.xctest; sourceTree = BUILT_PRODUCTS_DIR; };
		1420C91D226811BC003E4C0A /* TempusTests.swift */ = {isa = PBXFileReference; lastKnownFileType = sourcecode.swift; path = TempusTests.swift; sourceTree = "<group>"; };
		1420C91F226811BC003E4C0A /* Info.plist */ = {isa = PBXFileReference; lastKnownFileType = text.plist.xml; path = Info.plist; sourceTree = "<group>"; };
		1420C924226811BC003E4C0A /* TempusUITests.xctest */ = {isa = PBXFileReference; explicitFileType = wrapper.cfbundle; includeInIndex = 0; path = TempusUITests.xctest; sourceTree = BUILT_PRODUCTS_DIR; };
		1420C928226811BC003E4C0A /* TempusUITests.swift */ = {isa = PBXFileReference; lastKnownFileType = sourcecode.swift; path = TempusUITests.swift; sourceTree = "<group>"; };
		1420C92A226811BC003E4C0A /* Info.plist */ = {isa = PBXFileReference; lastKnownFileType = text.plist.xml; path = Info.plist; sourceTree = "<group>"; };
		1420C93622681A14003E4C0A /* Tempus.xcworkspace */ = {isa = PBXFileReference; lastKnownFileType = wrapper.workspace; path = Tempus.xcworkspace; sourceTree = "<group>"; };
		2D4FE839BA7D164BA83C3DEE /* Pods_TempusUITests.framework */ = {isa = PBXFileReference; explicitFileType = wrapper.framework; includeInIndex = 0; path = Pods_TempusUITests.framework; sourceTree = BUILT_PRODUCTS_DIR; };
		2EB0475DD6DD4C76BAAEC9D8 /* Pods-TempusUITests.release.xcconfig */ = {isa = PBXFileReference; includeInIndex = 1; lastKnownFileType = text.xcconfig; name = "Pods-TempusUITests.release.xcconfig"; path = "Pods/Target Support Files/Pods-TempusUITests/Pods-TempusUITests.release.xcconfig"; sourceTree = "<group>"; };
		34A29D5EF47D9F3CDE423F1E /* Pods-Tempus.debug.xcconfig */ = {isa = PBXFileReference; includeInIndex = 1; lastKnownFileType = text.xcconfig; name = "Pods-Tempus.debug.xcconfig"; path = "Pods/Target Support Files/Pods-Tempus/Pods-Tempus.debug.xcconfig"; sourceTree = "<group>"; };
		6B4FC3934C075112AFEFCE83 /* Pods_TempusTests.framework */ = {isa = PBXFileReference; explicitFileType = wrapper.framework; includeInIndex = 0; path = Pods_TempusTests.framework; sourceTree = BUILT_PRODUCTS_DIR; };
		80A35390DBEA29C1FB78BC48 /* Pods-TempusUITests.debug.xcconfig */ = {isa = PBXFileReference; includeInIndex = 1; lastKnownFileType = text.xcconfig; name = "Pods-TempusUITests.debug.xcconfig"; path = "Pods/Target Support Files/Pods-TempusUITests/Pods-TempusUITests.debug.xcconfig"; sourceTree = "<group>"; };
		85ABC33337136B2C74178EB9 /* Pods_Tempus.framework */ = {isa = PBXFileReference; explicitFileType = wrapper.framework; includeInIndex = 0; path = Pods_Tempus.framework; sourceTree = BUILT_PRODUCTS_DIR; };
		8C4C81A0359B3E46016B6217 /* Pods-TempusTests.release.xcconfig */ = {isa = PBXFileReference; includeInIndex = 1; lastKnownFileType = text.xcconfig; name = "Pods-TempusTests.release.xcconfig"; path = "Pods/Target Support Files/Pods-TempusTests/Pods-TempusTests.release.xcconfig"; sourceTree = "<group>"; };
		9639A1815671D0FD9B13805B /* Pods-TempusTests.debug.xcconfig */ = {isa = PBXFileReference; includeInIndex = 1; lastKnownFileType = text.xcconfig; name = "Pods-TempusTests.debug.xcconfig"; path = "Pods/Target Support Files/Pods-TempusTests/Pods-TempusTests.debug.xcconfig"; sourceTree = "<group>"; };
		DCBD84ACAD784F7759378467 /* Pods-Tempus.release.xcconfig */ = {isa = PBXFileReference; includeInIndex = 1; lastKnownFileType = text.xcconfig; name = "Pods-Tempus.release.xcconfig"; path = "Pods/Target Support Files/Pods-Tempus/Pods-Tempus.release.xcconfig"; sourceTree = "<group>"; };
/* End PBXFileReference section */

/* Begin PBXFrameworksBuildPhase section */
		1420C902226811B9003E4C0A /* Frameworks */ = {
			isa = PBXFrameworksBuildPhase;
			buildActionMask = 2147483647;
			files = (
				0C9743A5061F4A9E4BAA0F18 /* Pods_Tempus.framework in Frameworks */,
			);
			runOnlyForDeploymentPostprocessing = 0;
		};
		1420C916226811BC003E4C0A /* Frameworks */ = {
			isa = PBXFrameworksBuildPhase;
			buildActionMask = 2147483647;
			files = (
				35A635BC4D8D25B50D33C879 /* Pods_TempusTests.framework in Frameworks */,
			);
			runOnlyForDeploymentPostprocessing = 0;
		};
		1420C921226811BC003E4C0A /* Frameworks */ = {
			isa = PBXFrameworksBuildPhase;
			buildActionMask = 2147483647;
			files = (
				7F7CFCEDB2670868655DE330 /* Pods_TempusUITests.framework in Frameworks */,
			);
			runOnlyForDeploymentPostprocessing = 0;
		};
/* End PBXFrameworksBuildPhase section */

/* Begin PBXGroup section */
		1420C8FC226811B8003E4C0A = {
			isa = PBXGroup;
			children = (
				1420C93622681A14003E4C0A /* Tempus.xcworkspace */,
				1420C907226811B9003E4C0A /* Tempus */,
				1420C91C226811BC003E4C0A /* TempusTests */,
				1420C927226811BC003E4C0A /* TempusUITests */,
				1420C906226811B9003E4C0A /* Products */,
				9752E9FC13D097A2E41BC8ED /* Pods */,
				6E32B15252FA05EC3DF00C4E /* Frameworks */,
			);
			sourceTree = "<group>";
		};
		1420C906226811B9003E4C0A /* Products */ = {
			isa = PBXGroup;
			children = (
				1420C905226811B9003E4C0A /* Tempus.app */,
				1420C919226811BC003E4C0A /* TempusTests.xctest */,
				1420C924226811BC003E4C0A /* TempusUITests.xctest */,
			);
			name = Products;
			sourceTree = "<group>";
		};
		1420C907226811B9003E4C0A /* Tempus */ = {
			isa = PBXGroup;
			children = (
				1420C908226811B9003E4C0A /* AppDelegate.swift */,
				1420C90A226811B9003E4C0A /* ViewController.swift */,
				1420C90C226811B9003E4C0A /* Main.storyboard */,
				1420C90F226811BC003E4C0A /* Assets.xcassets */,
				1420C911226811BC003E4C0A /* LaunchScreen.storyboard */,
				1420C914226811BC003E4C0A /* Info.plist */,
			);
			path = Tempus;
			sourceTree = "<group>";
		};
		1420C91C226811BC003E4C0A /* TempusTests */ = {
			isa = PBXGroup;
			children = (
				1420C91D226811BC003E4C0A /* TempusTests.swift */,
				1420C91F226811BC003E4C0A /* Info.plist */,
			);
			path = TempusTests;
			sourceTree = "<group>";
		};
		1420C927226811BC003E4C0A /* TempusUITests */ = {
			isa = PBXGroup;
			children = (
				1420C928226811BC003E4C0A /* TempusUITests.swift */,
				1420C92A226811BC003E4C0A /* Info.plist */,
			);
			path = TempusUITests;
			sourceTree = "<group>";
		};
		6E32B15252FA05EC3DF00C4E /* Frameworks */ = {
			isa = PBXGroup;
			children = (
				85ABC33337136B2C74178EB9 /* Pods_Tempus.framework */,
				6B4FC3934C075112AFEFCE83 /* Pods_TempusTests.framework */,
				2D4FE839BA7D164BA83C3DEE /* Pods_TempusUITests.framework */,
			);
			name = Frameworks;
			sourceTree = "<group>";
		};
		9752E9FC13D097A2E41BC8ED /* Pods */ = {
			isa = PBXGroup;
			children = (
				34A29D5EF47D9F3CDE423F1E /* Pods-Tempus.debug.xcconfig */,
				DCBD84ACAD784F7759378467 /* Pods-Tempus.release.xcconfig */,
				9639A1815671D0FD9B13805B /* Pods-TempusTests.debug.xcconfig */,
				8C4C81A0359B3E46016B6217 /* Pods-TempusTests.release.xcconfig */,
				80A35390DBEA29C1FB78BC48 /* Pods-TempusUITests.debug.xcconfig */,
				2EB0475DD6DD4C76BAAEC9D8 /* Pods-TempusUITests.release.xcconfig */,
			);
			name = Pods;
			sourceTree = "<group>";
		};
/* End PBXGroup section */

/* Begin PBXNativeTarget section */
		1420C904226811B9003E4C0A /* Tempus */ = {
			isa = PBXNativeTarget;
			buildConfigurationList = 1420C92D226811BC003E4C0A /* Build configuration list for PBXNativeTarget "Tempus" */;
			buildPhases = (
				CC1975C107216F4CE0E8F195 /* [CP] Check Pods Manifest.lock */,
				1420C901226811B9003E4C0A /* Sources */,
				1420C902226811B9003E4C0A /* Frameworks */,
				1420C903226811B9003E4C0A /* Resources */,
				4F6C71E626BB4EC406F429D9 /* [CP] Embed Pods Frameworks */,
			);
			buildRules = (
			);
			dependencies = (
			);
			name = Tempus;
			productName = Tempus;
			productReference = 1420C905226811B9003E4C0A /* Tempus.app */;
			productType = "com.apple.product-type.application";
		};
		1420C918226811BC003E4C0A /* TempusTests */ = {
			isa = PBXNativeTarget;
			buildConfigurationList = 1420C930226811BC003E4C0A /* Build configuration list for PBXNativeTarget "TempusTests" */;
			buildPhases = (
				D56DD40D40E4A566520A899C /* [CP] Check Pods Manifest.lock */,
				1420C915226811BC003E4C0A /* Sources */,
				1420C916226811BC003E4C0A /* Frameworks */,
				1420C917226811BC003E4C0A /* Resources */,
			);
			buildRules = (
			);
			dependencies = (
				1420C91B226811BC003E4C0A /* PBXTargetDependency */,
			);
			name = TempusTests;
			productName = TempusTests;
			productReference = 1420C919226811BC003E4C0A /* TempusTests.xctest */;
			productType = "com.apple.product-type.bundle.unit-test";
		};
		1420C923226811BC003E4C0A /* TempusUITests */ = {
			isa = PBXNativeTarget;
			buildConfigurationList = 1420C933226811BC003E4C0A /* Build configuration list for PBXNativeTarget "TempusUITests" */;
			buildPhases = (
				FBE21F6C69A4C8D30A36BE7A /* [CP] Check Pods Manifest.lock */,
				1420C920226811BC003E4C0A /* Sources */,
				1420C921226811BC003E4C0A /* Frameworks */,
				1420C922226811BC003E4C0A /* Resources */,
			);
			buildRules = (
			);
			dependencies = (
				1420C926226811BC003E4C0A /* PBXTargetDependency */,
			);
			name = TempusUITests;
			productName = TempusUITests;
			productReference = 1420C924226811BC003E4C0A /* TempusUITests.xctest */;
			productType = "com.apple.product-type.bundle.ui-testing";
		};
/* End PBXNativeTarget section */

/* Begin PBXProject section */
		1420C8FD226811B8003E4C0A /* Project object */ = {
			isa = PBXProject;
			attributes = {
				LastSwiftUpdateCheck = 1020;
				LastUpgradeCheck = 1020;
				ORGANIZATIONNAME = YoshitsuguKambara;
				TargetAttributes = {
					1420C904226811B9003E4C0A = {
						CreatedOnToolsVersion = 10.2;
					};
					1420C918226811BC003E4C0A = {
						CreatedOnToolsVersion = 10.2;
						TestTargetID = 1420C904226811B9003E4C0A;
					};
					1420C923226811BC003E4C0A = {
						CreatedOnToolsVersion = 10.2;
						TestTargetID = 1420C904226811B9003E4C0A;
					};
				};
			};
			buildConfigurationList = 1420C900226811B8003E4C0A /* Build configuration list for PBXProject "Tempus" */;
			compatibilityVersion = "Xcode 9.3";
			developmentRegion = en;
			hasScannedForEncodings = 0;
			knownRegions = (
				en,
				Base,
			);
			mainGroup = 1420C8FC226811B8003E4C0A;
			productRefGroup = 1420C906226811B9003E4C0A /* Products */;
			projectDirPath = "";
			projectRoot = "";
			targets = (
				1420C904226811B9003E4C0A /* Tempus */,
				1420C918226811BC003E4C0A /* TempusTests */,
				1420C923226811BC003E4C0A /* TempusUITests */,
			);
		};
/* End PBXProject section */

/* Begin PBXResourcesBuildPhase section */
		1420C903226811B9003E4C0A /* Resources */ = {
			isa = PBXResourcesBuildPhase;
			buildActionMask = 2147483647;
			files = (
				1420C93722681A14003E4C0A /* Tempus.xcworkspace in Resources */,
				1420C913226811BC003E4C0A /* LaunchScreen.storyboard in Resources */,
				1420C910226811BC003E4C0A /* Assets.xcassets in Resources */,
				1420C90E226811B9003E4C0A /* Main.storyboard in Resources */,
			);
			runOnlyForDeploymentPostprocessing = 0;
		};
		1420C917226811BC003E4C0A /* Resources */ = {
			isa = PBXResourcesBuildPhase;
			buildActionMask = 2147483647;
			files = (
			);
			runOnlyForDeploymentPostprocessing = 0;
		};
		1420C922226811BC003E4C0A /* Resources */ = {
			isa = PBXResourcesBuildPhase;
			buildActionMask = 2147483647;
			files = (
			);
			runOnlyForDeploymentPostprocessing = 0;
		};
/* End PBXResourcesBuildPhase section */

/* Begin PBXShellScriptBuildPhase section */
		4F6C71E626BB4EC406F429D9 /* [CP] Embed Pods Frameworks */ = {
			isa = PBXShellScriptBuildPhase;
			buildActionMask = 2147483647;
			files = (
			);
			inputFileListPaths = (
			);
			inputPaths = (
				"${SRCROOT}/Pods/Target Support Files/Pods-Tempus/Pods-Tempus-frameworks.sh",
				"${BUILT_PRODUCTS_DIR}/CalculateCalendarLogic/CalculateCalendarLogic.framework",
				"${BUILT_PRODUCTS_DIR}/FSCalendar/FSCalendar.framework",
			);
			name = "[CP] Embed Pods Frameworks";
			outputFileListPaths = (
			);
			outputPaths = (
				"${TARGET_BUILD_DIR}/${FRAMEWORKS_FOLDER_PATH}/CalculateCalendarLogic.framework",
				"${TARGET_BUILD_DIR}/${FRAMEWORKS_FOLDER_PATH}/FSCalendar.framework",
			);
			runOnlyForDeploymentPostprocessing = 0;
			shellPath = /bin/sh;
			shellScript = "\"${SRCROOT}/Pods/Target Support Files/Pods-Tempus/Pods-Tempus-frameworks.sh\"\n";
			showEnvVarsInLog = 0;
		};
		CC1975C107216F4CE0E8F195 /* [CP] Check Pods Manifest.lock */ = {
			isa = PBXShellScriptBuildPhase;
			buildActionMask = 2147483647;
			files = (
			);
			inputFileListPaths = (
			);
			inputPaths = (
				"${PODS_PODFILE_DIR_PATH}/Podfile.lock",
				"${PODS_ROOT}/Manifest.lock",
			);
			name = "[CP] Check Pods Manifest.lock";
			outputFileListPaths = (
			);
			outputPaths = (
				"$(DERIVED_FILE_DIR)/Pods-Tempus-checkManifestLockResult.txt",
			);
			runOnlyForDeploymentPostprocessing = 0;
			shellPath = /bin/sh;
			shellScript = "diff \"${PODS_PODFILE_DIR_PATH}/Podfile.lock\" \"${PODS_ROOT}/Manifest.lock\" > /dev/null\nif [ $? != 0 ] ; then\n    # print error to STDERR\n    echo \"error: The sandbox is not in sync with the Podfile.lock. Run 'pod install' or update your CocoaPods installation.\" >&2\n    exit 1\nfi\n# This output is used by Xcode 'outputs' to avoid re-running this script phase.\necho \"SUCCESS\" > \"${SCRIPT_OUTPUT_FILE_0}\"\n";
			showEnvVarsInLog = 0;
		};
		D56DD40D40E4A566520A899C /* [CP] Check Pods Manifest.lock */ = {
			isa = PBXShellScriptBuildPhase;
			buildActionMask = 2147483647;
			files = (
			);
			inputFileListPaths = (
			);
			inputPaths = (
				"${PODS_PODFILE_DIR_PATH}/Podfile.lock",
				"${PODS_ROOT}/Manifest.lock",
			);
			name = "[CP] Check Pods Manifest.lock";
			outputFileListPaths = (
			);
			outputPaths = (
				"$(DERIVED_FILE_DIR)/Pods-TempusTests-checkManifestLockResult.txt",
			);
			runOnlyForDeploymentPostprocessing = 0;
			shellPath = /bin/sh;
			shellScript = "diff \"${PODS_PODFILE_DIR_PATH}/Podfile.lock\" \"${PODS_ROOT}/Manifest.lock\" > /dev/null\nif [ $? != 0 ] ; then\n    # print error to STDERR\n    echo \"error: The sandbox is not in sync with the Podfile.lock. Run 'pod install' or update your CocoaPods installation.\" >&2\n    exit 1\nfi\n# This output is used by Xcode 'outputs' to avoid re-running this script phase.\necho \"SUCCESS\" > \"${SCRIPT_OUTPUT_FILE_0}\"\n";
			showEnvVarsInLog = 0;
		};
		FBE21F6C69A4C8D30A36BE7A /* [CP] Check Pods Manifest.lock */ = {
			isa = PBXShellScriptBuildPhase;
			buildActionMask = 2147483647;
			files = (
			);
			inputFileListPaths = (
			);
			inputPaths = (
				"${PODS_PODFILE_DIR_PATH}/Podfile.lock",
				"${PODS_ROOT}/Manifest.lock",
			);
			name = "[CP] Check Pods Manifest.lock";
			outputFileListPaths = (
			);
			outputPaths = (
				"$(DERIVED_FILE_DIR)/Pods-TempusUITests-checkManifestLockResult.txt",
			);
			runOnlyForDeploymentPostprocessing = 0;
			shellPath = /bin/sh;
			shellScript = "diff \"${PODS_PODFILE_DIR_PATH}/Podfile.lock\" \"${PODS_ROOT}/Manifest.lock\" > /dev/null\nif [ $? != 0 ] ; then\n    # print error to STDERR\n    echo \"error: The sandbox is not in sync with the Podfile.lock. Run 'pod install' or update your CocoaPods installation.\" >&2\n    exit 1\nfi\n# This output is used by Xcode 'outputs' to avoid re-running this script phase.\necho \"SUCCESS\" > \"${SCRIPT_OUTPUT_FILE_0}\"\n";
			showEnvVarsInLog = 0;
		};
/* End PBXShellScriptBuildPhase section */

/* Begin PBXSourcesBuildPhase section */
		1420C901226811B9003E4C0A /* Sources */ = {
			isa = PBXSourcesBuildPhase;
			buildActionMask = 2147483647;
			files = (
				1420C90B226811B9003E4C0A /* ViewController.swift in Sources */,
				1420C909226811B9003E4C0A /* AppDelegate.swift in Sources */,
			);
			runOnlyForDeploymentPostprocessing = 0;
		};
		1420C915226811BC003E4C0A /* Sources */ = {
			isa = PBXSourcesBuildPhase;
			buildActionMask = 2147483647;
			files = (
				1420C91E226811BC003E4C0A /* TempusTests.swift in Sources */,
			);
			runOnlyForDeploymentPostprocessing = 0;
		};
		1420C920226811BC003E4C0A /* Sources */ = {
			isa = PBXSourcesBuildPhase;
			buildActionMask = 2147483647;
			files = (
				1420C929226811BC003E4C0A /* TempusUITests.swift in Sources */,
			);
			runOnlyForDeploymentPostprocessing = 0;
		};
/* End PBXSourcesBuildPhase section */

/* Begin PBXTargetDependency section */
		1420C91B226811BC003E4C0A /* PBXTargetDependency */ = {
			isa = PBXTargetDependency;
			target = 1420C904226811B9003E4C0A /* Tempus */;
			targetProxy = 1420C91A226811BC003E4C0A /* PBXContainerItemProxy */;
		};
		1420C926226811BC003E4C0A /* PBXTargetDependency */ = {
			isa = PBXTargetDependency;
			target = 1420C904226811B9003E4C0A /* Tempus */;
			targetProxy = 1420C925226811BC003E4C0A /* PBXContainerItemProxy */;
		};
/* End PBXTargetDependency section */

/* Begin PBXVariantGroup section */
		1420C90C226811B9003E4C0A /* Main.storyboard */ = {
			isa = PBXVariantGroup;
			children = (
				1420C90D226811B9003E4C0A /* Base */,
			);
			name = Main.storyboard;
			sourceTree = "<group>";
		};
		1420C911226811BC003E4C0A /* LaunchScreen.storyboard */ = {
			isa = PBXVariantGroup;
			children = (
				1420C912226811BC003E4C0A /* Base */,
			);
			name = LaunchScreen.storyboard;
			sourceTree = "<group>";
		};
/* End PBXVariantGroup section */

/* Begin XCBuildConfiguration section */
		1420C92B226811BC003E4C0A /* Debug */ = {
			isa = XCBuildConfiguration;
			buildSettings = {
				ALWAYS_SEARCH_USER_PATHS = NO;
				CLANG_ANALYZER_NONNULL = YES;
				CLANG_ANALYZER_NUMBER_OBJECT_CONVERSION = YES_AGGRESSIVE;
				CLANG_CXX_LANGUAGE_STANDARD = "gnu++14";
				CLANG_CXX_LIBRARY = "libc++";
				CLANG_ENABLE_MODULES = YES;
				CLANG_ENABLE_OBJC_ARC = YES;
				CLANG_ENABLE_OBJC_WEAK = YES;
				CLANG_WARN_BLOCK_CAPTURE_AUTORELEASING = YES;
				CLANG_WARN_BOOL_CONVERSION = YES;
				CLANG_WARN_COMMA = YES;
				CLANG_WARN_CONSTANT_CONVERSION = YES;
				CLANG_WARN_DEPRECATED_OBJC_IMPLEMENTATIONS = YES;
				CLANG_WARN_DIRECT_OBJC_ISA_USAGE = YES_ERROR;
				CLANG_WARN_DOCUMENTATION_COMMENTS = YES;
				CLANG_WARN_EMPTY_BODY = YES;
				CLANG_WARN_ENUM_CONVERSION = YES;
				CLANG_WARN_INFINITE_RECURSION = YES;
				CLANG_WARN_INT_CONVERSION = YES;
				CLANG_WARN_NON_LITERAL_NULL_CONVERSION = YES;
				CLANG_WARN_OBJC_IMPLICIT_RETAIN_SELF = YES;
				CLANG_WARN_OBJC_LITERAL_CONVERSION = YES;
				CLANG_WARN_OBJC_ROOT_CLASS = YES_ERROR;
				CLANG_WARN_RANGE_LOOP_ANALYSIS = YES;
				CLANG_WARN_STRICT_PROTOTYPES = YES;
				CLANG_WARN_SUSPICIOUS_MOVE = YES;
				CLANG_WARN_UNGUARDED_AVAILABILITY = YES_AGGRESSIVE;
				CLANG_WARN_UNREACHABLE_CODE = YES;
				CLANG_WARN__DUPLICATE_METHOD_MATCH = YES;
				CODE_SIGN_IDENTITY = "iPhone Developer";
				COPY_PHASE_STRIP = NO;
				DEBUG_INFORMATION_FORMAT = dwarf;
				ENABLE_STRICT_OBJC_MSGSEND = YES;
				ENABLE_TESTABILITY = YES;
				GCC_C_LANGUAGE_STANDARD = gnu11;
				GCC_DYNAMIC_NO_PIC = NO;
				GCC_NO_COMMON_BLOCKS = YES;
				GCC_OPTIMIZATION_LEVEL = 0;
				GCC_PREPROCESSOR_DEFINITIONS = (
					"DEBUG=1",
					"$(inherited)",
				);
				GCC_WARN_64_TO_32_BIT_CONVERSION = YES;
				GCC_WARN_ABOUT_RETURN_TYPE = YES_ERROR;
				GCC_WARN_UNDECLARED_SELECTOR = YES;
				GCC_WARN_UNINITIALIZED_AUTOS = YES_AGGRESSIVE;
				GCC_WARN_UNUSED_FUNCTION = YES;
				GCC_WARN_UNUSED_VARIABLE = YES;
				IPHONEOS_DEPLOYMENT_TARGET = 12.2;
				MTL_ENABLE_DEBUG_INFO = INCLUDE_SOURCE;
				MTL_FAST_MATH = YES;
				ONLY_ACTIVE_ARCH = YES;
				SDKROOT = iphoneos;
				SWIFT_ACTIVE_COMPILATION_CONDITIONS = DEBUG;
				SWIFT_OPTIMIZATION_LEVEL = "-Onone";
			};
			name = Debug;
		};
		1420C92C226811BC003E4C0A /* Release */ = {
			isa = XCBuildConfiguration;
			buildSettings = {
				ALWAYS_SEARCH_USER_PATHS = NO;
				CLANG_ANALYZER_NONNULL = YES;
				CLANG_ANALYZER_NUMBER_OBJECT_CONVERSION = YES_AGGRESSIVE;
				CLANG_CXX_LANGUAGE_STANDARD = "gnu++14";
				CLANG_CXX_LIBRARY = "libc++";
				CLANG_ENABLE_MODULES = YES;
				CLANG_ENABLE_OBJC_ARC = YES;
				CLANG_ENABLE_OBJC_WEAK = YES;
				CLANG_WARN_BLOCK_CAPTURE_AUTORELEASING = YES;
				CLANG_WARN_BOOL_CONVERSION = YES;
				CLANG_WARN_COMMA = YES;
				CLANG_WARN_CONSTANT_CONVERSION = YES;
				CLANG_WARN_DEPRECATED_OBJC_IMPLEMENTATIONS = YES;
				CLANG_WARN_DIRECT_OBJC_ISA_USAGE = YES_ERROR;
				CLANG_WARN_DOCUMENTATION_COMMENTS = YES;
				CLANG_WARN_EMPTY_BODY = YES;
				CLANG_WARN_ENUM_CONVERSION = YES;
				CLANG_WARN_INFINITE_RECURSION = YES;
				CLANG_WARN_INT_CONVERSION = YES;
				CLANG_WARN_NON_LITERAL_NULL_CONVERSION = YES;
				CLANG_WARN_OBJC_IMPLICIT_RETAIN_SELF = YES;
				CLANG_WARN_OBJC_LITERAL_CONVERSION = YES;
				CLANG_WARN_OBJC_ROOT_CLASS = YES_ERROR;
				CLANG_WARN_RANGE_LOOP_ANALYSIS = YES;
				CLANG_WARN_STRICT_PROTOTYPES = YES;
				CLANG_WARN_SUSPICIOUS_MOVE = YES;
				CLANG_WARN_UNGUARDED_AVAILABILITY = YES_AGGRESSIVE;
				CLANG_WARN_UNREACHABLE_CODE = YES;
				CLANG_WARN__DUPLICATE_METHOD_MATCH = YES;
				CODE_SIGN_IDENTITY = "iPhone Developer";
				COPY_PHASE_STRIP = NO;
				DEBUG_INFORMATION_FORMAT = "dwarf-with-dsym";
				ENABLE_NS_ASSERTIONS = NO;
				ENABLE_STRICT_OBJC_MSGSEND = YES;
				GCC_C_LANGUAGE_STANDARD = gnu11;
				GCC_NO_COMMON_BLOCKS = YES;
				GCC_WARN_64_TO_32_BIT_CONVERSION = YES;
				GCC_WARN_ABOUT_RETURN_TYPE = YES_ERROR;
				GCC_WARN_UNDECLARED_SELECTOR = YES;
				GCC_WARN_UNINITIALIZED_AUTOS = YES_AGGRESSIVE;
				GCC_WARN_UNUSED_FUNCTION = YES;
				GCC_WARN_UNUSED_VARIABLE = YES;
				IPHONEOS_DEPLOYMENT_TARGET = 12.2;
				MTL_ENABLE_DEBUG_INFO = NO;
				MTL_FAST_MATH = YES;
				SDKROOT = iphoneos;
				SWIFT_COMPILATION_MODE = wholemodule;
				SWIFT_OPTIMIZATION_LEVEL = "-O";
				VALIDATE_PRODUCT = YES;
			};
			name = Release;
		};
		1420C92E226811BC003E4C0A /* Debug */ = {
			isa = XCBuildConfiguration;
			baseConfigurationReference = 34A29D5EF47D9F3CDE423F1E /* Pods-Tempus.debug.xcconfig */;
			buildSettings = {
				ASSETCATALOG_COMPILER_APPICON_NAME = AppIcon;
				CODE_SIGN_STYLE = Automatic;
				DEVELOPMENT_TEAM = WD8VB9S8R7;
				INFOPLIST_FILE = Tempus/Info.plist;
				IPHONEOS_DEPLOYMENT_TARGET = 12.2;
				LD_RUNPATH_SEARCH_PATHS = (
					"$(inherited)",
					"@executable_path/Frameworks",
				);
				PRODUCT_BUNDLE_IDENTIFIER = com.example.someone.Tempus;
				PRODUCT_NAME = "$(TARGET_NAME)";
				SWIFT_VERSION = 5.0;
				TARGETED_DEVICE_FAMILY = "1,2";
			};
			name = Debug;
		};
		1420C92F226811BC003E4C0A /* Release */ = {
			isa = XCBuildConfiguration;
			baseConfigurationReference = DCBD84ACAD784F7759378467 /* Pods-Tempus.release.xcconfig */;
			buildSettings = {
				ASSETCATALOG_COMPILER_APPICON_NAME = AppIcon;
				CODE_SIGN_STYLE = Automatic;
				DEVELOPMENT_TEAM = WD8VB9S8R7;
				INFOPLIST_FILE = Tempus/Info.plist;
				IPHONEOS_DEPLOYMENT_TARGET = 12.2;
				LD_RUNPATH_SEARCH_PATHS = (
					"$(inherited)",
					"@executable_path/Frameworks",
				);
				PRODUCT_BUNDLE_IDENTIFIER = com.example.someone.Tempus;
				PRODUCT_NAME = "$(TARGET_NAME)";
				SWIFT_VERSION = 5.0;
				TARGETED_DEVICE_FAMILY = "1,2";
			};
			name = Release;
		};
		1420C931226811BC003E4C0A /* Debug */ = {
			isa = XCBuildConfiguration;
			baseConfigurationReference = 9639A1815671D0FD9B13805B /* Pods-TempusTests.debug.xcconfig */;
			buildSettings = {
				ALWAYS_EMBED_SWIFT_STANDARD_LIBRARIES = YES;
				BUNDLE_LOADER = "$(TEST_HOST)";
				CODE_SIGN_STYLE = Automatic;
				DEVELOPMENT_TEAM = WD8VB9S8R7;
				INFOPLIST_FILE = TempusTests/Info.plist;
				LD_RUNPATH_SEARCH_PATHS = (
					"$(inherited)",
					"@executable_path/Frameworks",
					"@loader_path/Frameworks",
				);
				PRODUCT_BUNDLE_IDENTIFIER = com.example.someone.TempusTests;
				PRODUCT_NAME = "$(TARGET_NAME)";
				SWIFT_VERSION = 5.0;
				TARGETED_DEVICE_FAMILY = "1,2";
				TEST_HOST = "$(BUILT_PRODUCTS_DIR)/Tempus.app/Tempus";
			};
			name = Debug;
		};
		1420C932226811BC003E4C0A /* Release */ = {
			isa = XCBuildConfiguration;
			baseConfigurationReference = 8C4C81A0359B3E46016B6217 /* Pods-TempusTests.release.xcconfig */;
			buildSettings = {
				ALWAYS_EMBED_SWIFT_STANDARD_LIBRARIES = YES;
				BUNDLE_LOADER = "$(TEST_HOST)";
				CODE_SIGN_STYLE = Automatic;
				DEVELOPMENT_TEAM = WD8VB9S8R7;
				INFOPLIST_FILE = TempusTests/Info.plist;
				LD_RUNPATH_SEARCH_PATHS = (
					"$(inherited)",
					"@executable_path/Frameworks",
					"@loader_path/Frameworks",
				);
				PRODUCT_BUNDLE_IDENTIFIER = com.example.someone.TempusTests;
				PRODUCT_NAME = "$(TARGET_NAME)";
				SWIFT_VERSION = 5.0;
				TARGETED_DEVICE_FAMILY = "1,2";
				TEST_HOST = "$(BUILT_PRODUCTS_DIR)/Tempus.app/Tempus";
			};
			name = Release;
		};
		1420C934226811BC003E4C0A /* Debug */ = {
			isa = XCBuildConfiguration;
			baseConfigurationReference = 80A35390DBEA29C1FB78BC48 /* Pods-TempusUITests.debug.xcconfig */;
			buildSettings = {
				ALWAYS_EMBED_SWIFT_STANDARD_LIBRARIES = YES;
				CODE_SIGN_STYLE = Automatic;
				DEVELOPMENT_TEAM = WD8VB9S8R7;
				INFOPLIST_FILE = TempusUITests/Info.plist;
				LD_RUNPATH_SEARCH_PATHS = (
					"$(inherited)",
					"@executable_path/Frameworks",
					"@loader_path/Frameworks",
				);
				PRODUCT_BUNDLE_IDENTIFIER = com.example.someone.TempusUITests;
				PRODUCT_NAME = "$(TARGET_NAME)";
				SWIFT_VERSION = 5.0;
				TARGETED_DEVICE_FAMILY = "1,2";
				TEST_TARGET_NAME = Tempus;
			};
			name = Debug;
		};
		1420C935226811BC003E4C0A /* Release */ = {
			isa = XCBuildConfiguration;
			baseConfigurationReference = 2EB0475DD6DD4C76BAAEC9D8 /* Pods-TempusUITests.release.xcconfig */;
			buildSettings = {
				ALWAYS_EMBED_SWIFT_STANDARD_LIBRARIES = YES;
				CODE_SIGN_STYLE = Automatic;
				DEVELOPMENT_TEAM = WD8VB9S8R7;
				INFOPLIST_FILE = TempusUITests/Info.plist;
				LD_RUNPATH_SEARCH_PATHS = (
					"$(inherited)",
					"@executable_path/Frameworks",
					"@loader_path/Frameworks",
				);
				PRODUCT_BUNDLE_IDENTIFIER = com.example.someone.TempusUITests;
				PRODUCT_NAME = "$(TARGET_NAME)";
				SWIFT_VERSION = 5.0;
				TARGETED_DEVICE_FAMILY = "1,2";
				TEST_TARGET_NAME = Tempus;
			};
			name = Release;
		};
/* End XCBuildConfiguration section */

/* Begin XCConfigurationList section */
		1420C900226811B8003E4C0A /* Build configuration list for PBXProject "Tempus" */ = {
			isa = XCConfigurationList;
			buildConfigurations = (
				1420C92B226811BC003E4C0A /* Debug */,
				1420C92C226811BC003E4C0A /* Release */,
			);
			defaultConfigurationIsVisible = 0;
			defaultConfigurationName = Release;
		};
		1420C92D226811BC003E4C0A /* Build configuration list for PBXNativeTarget "Tempus" */ = {
			isa = XCConfigurationList;
			buildConfigurations = (
				1420C92E226811BC003E4C0A /* Debug */,
				1420C92F226811BC003E4C0A /* Release */,
			);
			defaultConfigurationIsVisible = 0;
			defaultConfigurationName = Release;
		};
		1420C930226811BC003E4C0A /* Build configuration list for PBXNativeTarget "TempusTests" */ = {
			isa = XCConfigurationList;
			buildConfigurations = (
				1420C931226811BC003E4C0A /* Debug */,
				1420C932226811BC003E4C0A /* Release */,
			);
			defaultConfigurationIsVisible = 0;
			defaultConfigurationName = Release;
		};
		1420C933226811BC003E4C0A /* Build configuration list for PBXNativeTarget "TempusUITests" */ = {
			isa = XCConfigurationList;
			buildConfigurations = (
				1420C934226811BC003E4C0A /* Debug */,
				1420C935226811BC003E4C0A /* Release */,
			);
			defaultConfigurationIsVisible = 0;
			defaultConfigurationName = Release;
		};
/* End XCConfigurationList section */
	};
	rootObject = 1420C8FD226811B8003E4C0A /* Project object */;
}
